# This file is autogenerated, do not edit; changes may be undone by the next 'dep ensure'.


[[projects]]
  name = "github.com/favclip/genbase"
  packages = ["."]
  revision = "33e3f4f43761221e7ef1f0be35bad3711ae26cbd"
  version = "v1.0.0"

[[projects]]
  branch = "master"
  name = "github.com/mackee/genddl"
  packages = ["."]
  revision = "eacba1ba2758717fa63fb552eb0370151e13f8c3"

[solve-meta]
  analyzer-name = "dep"
  analyzer-version = 1
  inputs-digest = "eaf31e8eb610c88ffe6d7a69524b0c33da9eddf013f2d1c7c53944f7426fb439"
  solver-name = "gps-cdcl"
  solver-version = 1
